
Microsoft Visual Studio Solution File, Format Version 12.00
# Visual Studio Version 16
VisualStudioVersion = 16.0.29509.3
MinimumVisualStudioVersion = 10.0.40219.1
Project("{FAE04EC0-301F-11D3-BF4B-00C04F79EFBC}") = "laba2", "laba2\laba2.csproj", "{99392AB5-079A-4910-8A1E-026E77F3155F}"
EndProject
Global
	GlobalSection(SolutionConfigurationPlatforms) = preSolution
		Debug|Any CPU = Debug|Any CPU
		Release|Any CPU = Release|Any CPU
	EndGlobalSection
	GlobalSection(ProjectConfigurationPlatforms) = postSolution
		{99392AB5-079A-4910-8A1E-026E77F3155F}.Debug|Any CPU.ActiveCfg = Debug|Any CPU
		{99392AB5-079A-4910-8A1E-026E77F3155F}.Debug|Any CPU.Build.0 = Debug|Any CPU
		{99392AB5-079A-4910-8A1E-026E77F3155F}.Release|Any CPU.ActiveCfg = Release|Any CPU
		{99392AB5-079A-4910-8A1E-026E77F3155F}.Release|Any CPU.Build.0 = Release|Any CPU
	EndGlobalSection
	GlobalSection(SolutionProperties) = preSolution
		HideSolutionNode = FALSE
	EndGlobalSection
	GlobalSection(ExtensibilityGlobals) = postSolution
		SolutionGuid = {0767797A-796B-4561-BB58-ECE5BCDFE6C0}
	EndGlobalSection
EndGlobal
